
Microsoft Visual Studio Solution File, Format Version 12.00
# Visual Studio 15
VisualStudioVersion = 15.0.26430.13
MinimumVisualStudioVersion = 10.0.40219.1
Project("{FAE04EC0-301F-11D3-BF4B-00C04F79EFBC}") = "RimStarve", "Source\RimStarve.csproj", "{141D4447-F869-4A03-960E-4EBC1FCB4A0C}"
EndProject
Project("{2150E333-8FDC-42A3-9474-1A3956D46DE8}") = "Defs", "Defs", "{E119735E-E19F-4C91-AE23-A16ACC46925A}"
	ProjectSection(SolutionItems) = preProject
		Defs\Beefalo.xml = Defs\Beefalo.xml
		Defs\BeefaloBody.xml = Defs\BeefaloBody.xml
		Defs\BeefaloBodyParts.xml = Defs\BeefaloBodyParts.xml
		Defs\BeefaloHorn.xml = Defs\BeefaloHorn.xml
		Defs\BeefaloWool.xml = Defs\BeefaloWool.xml
		Defs\Hound.xml = Defs\Hound.xml
		Defs\HoundBody.xml = Defs\HoundBody.xml
		Defs\HoundTooth.xml = Defs\HoundTooth.xml
		Defs\Rabbit.xml = Defs\Rabbit.xml
		Defs\RimStarveBase.xml = Defs\RimStarveBase.xml
		Defs\VoltGoat.xml = Defs\VoltGoat.xml
	EndProjectSection
EndProject
Project("{2150E333-8FDC-42A3-9474-1A3956D46DE8}") = "About", "About", "{0D8D379E-EB3B-464E-9E0E-44962D7AC040}"
	ProjectSection(SolutionItems) = preProject
		About\About.xml = About\About.xml
		License.md = License.md
		Readme.md = Readme.md
	EndProjectSection
EndProject
Global
	GlobalSection(SolutionConfigurationPlatforms) = preSolution
		Debug|Any CPU = Debug|Any CPU
		Release|Any CPU = Release|Any CPU
	EndGlobalSection
	GlobalSection(ProjectConfigurationPlatforms) = postSolution
		{141D4447-F869-4A03-960E-4EBC1FCB4A0C}.Debug|Any CPU.ActiveCfg = RimWorld|Any CPU
		{141D4447-F869-4A03-960E-4EBC1FCB4A0C}.Debug|Any CPU.Build.0 = RimWorld|Any CPU
		{141D4447-F869-4A03-960E-4EBC1FCB4A0C}.Release|Any CPU.ActiveCfg = RimWorld|Any CPU
		{141D4447-F869-4A03-960E-4EBC1FCB4A0C}.Release|Any CPU.Build.0 = RimWorld|Any CPU
	EndGlobalSection
	GlobalSection(SolutionProperties) = preSolution
		HideSolutionNode = FALSE
	EndGlobalSection
EndGlobal
